
Microsoft Visual Studio Solution File, Format Version 12.00
# Visual Studio Version 17
VisualStudioVersion = 17.3.32922.545
MinimumVisualStudioVersion = 10.0.40219.1
Project("{FAE04EC0-301F-11D3-BF4B-00C04F79EFBC}") = "MenuOptions", "MenuOptions\MenuOptions.csproj", "{2ABA10F8-C6DA-486F-ACC5-9BE08861B020}"
EndProject
Project("{FAE04EC0-301F-11D3-BF4B-00C04F79EFBC}") = "ConsoleMenu", "ConsoleMenu\ConsoleMenu.csproj", "{B0C9CA64-F4E6-4B62-856A-A02864821395}"
	ProjectSection(ProjectDependencies) = postProject
		{2ABA10F8-C6DA-486F-ACC5-9BE08861B020} = {2ABA10F8-C6DA-486F-ACC5-9BE08861B020}
	EndProjectSection
EndProject
Global
	GlobalSection(SolutionConfigurationPlatforms) = preSolution
		Debug|Any CPU = Debug|Any CPU
		Release|Any CPU = Release|Any CPU
	EndGlobalSection
	GlobalSection(ProjectConfigurationPlatforms) = postSolution
		{2ABA10F8-C6DA-486F-ACC5-9BE08861B020}.Debug|Any CPU.ActiveCfg = Debug|Any CPU
		{2ABA10F8-C6DA-486F-ACC5-9BE08861B020}.Debug|Any CPU.Build.0 = Debug|Any CPU
		{2ABA10F8-C6DA-486F-ACC5-9BE08861B020}.Release|Any CPU.ActiveCfg = Release|Any CPU
		{2ABA10F8-C6DA-486F-ACC5-9BE08861B020}.Release|Any CPU.Build.0 = Release|Any CPU
		{B0C9CA64-F4E6-4B62-856A-A02864821395}.Debug|Any CPU.ActiveCfg = Debug|Any CPU
		{B0C9CA64-F4E6-4B62-856A-A02864821395}.Debug|Any CPU.Build.0 = Debug|Any CPU
		{B0C9CA64-F4E6-4B62-856A-A02864821395}.Release|Any CPU.ActiveCfg = Release|Any CPU
		{B0C9CA64-F4E6-4B62-856A-A02864821395}.Release|Any CPU.Build.0 = Release|Any CPU
	EndGlobalSection
	GlobalSection(SolutionProperties) = preSolution
		HideSolutionNode = FALSE
	EndGlobalSection
	GlobalSection(ExtensibilityGlobals) = postSolution
		SolutionGuid = {8EB819CC-9A0F-4825-9C0A-6E78B75CF2CD}
	EndGlobalSection
EndGlobal
